// !$*UTF8*$!
{
	archiveVersion = 1;
	classes = {
	};
	objectVersion = 46;
	objects = {

/* Begin PBXBuildFile section */
		27BF2A9B1EFA5A33006F976D /* main.m in Sources */ = {isa = PBXBuildFile; fileRef = 27BF2A9A1EFA5A33006F976D /* main.m */; };
		27BF2A9E1EFA5A33006F976D /* AppDelegate.m in Sources */ = {isa = PBXBuildFile; fileRef = 27BF2A9D1EFA5A33006F976D /* AppDelegate.m */; };
		27BF2AA11EFA5A33006F976D /* ViewController.m in Sources */ = {isa = PBXBuildFile; fileRef = 27BF2AA01EFA5A33006F976D /* ViewController.m */; };
		27BF2AA41EFA5A33006F976D /* Main.storyboard in Resources */ = {isa = PBXBuildFile; fileRef = 27BF2AA21EFA5A33006F976D /* Main.storyboard */; };
		27BF2AA61EFA5A33006F976D /* Assets.xcassets in Resources */ = {isa = PBXBuildFile; fileRef = 27BF2AA51EFA5A33006F976D /* Assets.xcassets */; };
		27BF2AA91EFA5A33006F976D /* LaunchScreen.storyboard in Resources */ = {isa = PBXBuildFile; fileRef = 27BF2AA71EFA5A33006F976D /* LaunchScreen.storyboard */; };
/* End PBXBuildFile section */

/* Begin PBXFileReference section */
		27BF2A961EFA5A32006F976D /* CubeDemo.app */ = {isa = PBXFileReference; explicitFileType = wrapper.application; includeInIndex = 0; path = CubeDemo.app; sourceTree = BUILT_PRODUCTS_DIR; };
		27BF2A9A1EFA5A33006F976D /* main.m */ = {isa = PBXFileReference; lastKnownFileType = sourcecode.c.objc; path = main.m; sourceTree = "<group>"; };
		27BF2A9C1EFA5A33006F976D /* AppDelegate.h */ = {isa = PBXFileReference; lastKnownFileType = sourcecode.c.h; path = AppDelegate.h; sourceTree = "<group>"; };
		27BF2A9D1EFA5A33006F976D /* AppDelegate.m */ = {isa = PBXFileReference; lastKnownFileType = sourcecode.c.objc; path = AppDelegate.m; sourceTree = "<group>"; };
		27BF2A9F1EFA5A33006F976D /* ViewController.h */ = {isa = PBXFileReference; lastKnownFileType = sourcecode.c.h; path = ViewController.h; sourceTree = "<group>"; };
		27BF2AA01EFA5A33006F976D /* ViewController.m */ = {isa = PBXFileReference; lastKnownFileType = sourcecode.c.objc; path = ViewController.m; sourceTree = "<group>"; };
		27BF2AA31EFA5A33006F976D /* Base */ = {isa = PBXFileReference; lastKnownFileType = file.storyboard; name = Base; path = Base.lproj/Main.storyboard; sourceTree = "<group>"; };
		27BF2AA51EFA5A33006F976D /* Assets.xcassets */ = {isa = PBXFileReference; lastKnownFileType = folder.assetcatalog; path = Assets.xcassets; sourceTree = "<group>"; };
		27BF2AA81EFA5A33006F976D /* Base */ = {isa = PBXFileReference; lastKnownFileType = file.storyboard; name = Base; path = Base.lproj/LaunchScreen.storyboard; sourceTree = "<group>"; };
		27BF2AAA1EFA5A33006F976D /* Info.plist */ = {isa = PBXFileReference; lastKnownFileType = text.plist.xml; path = Info.plist; sourceTree = "<group>"; };
/* End PBXFileReference section */

/* Begin PBXFrameworksBuildPhase section */
		27BF2A931EFA5A32006F976D /* Frameworks */ = {
			isa = PBXFrameworksBuildPhase;
			buildActionMask = 2147483647;
			files = (
			);
			runOnlyForDeploymentPostprocessing = 0;
		};
/* End PBXFrameworksBuildPhase section */

/* Begin PBXGroup section */
		27BF2A8D1EFA5A32006F976D = {
			isa = PBXGroup;
			children = (
				27BF2A981EFA5A32006F976D /* CubeDemo */,
				27BF2A971EFA5A32006F976D /* Products */,
			);
			sourceTree = "<group>";
		};
		27BF2A971EFA5A32006F976D /* Products */ = {
			isa = PBXGroup;
			children = (
				27BF2A961EFA5A32006F976D /* CubeDemo.app */,
			);
			name = Products;
			sourceTree = "<group>";
		};
		27BF2A981EFA5A32006F976D /* CubeDemo */ = {
			isa = PBXGroup;
			children = (
				27BF2A9C1EFA5A33006F976D /* AppDelegate.h */,
				27BF2A9D1EFA5A33006F976D /* AppDelegate.m */,
				27BF2A9F1EFA5A33006F976D /* ViewController.h */,
				27BF2AA01EFA5A33006F976D /* ViewController.m */,
				27BF2AA21EFA5A33006F976D /* Main.storyboard */,
				27BF2AA51EFA5A33006F976D /* Assets.xcassets */,
				27BF2AA71EFA5A33006F976D /* LaunchScreen.storyboard */,
				27BF2AAA1EFA5A33006F976D /* Info.plist */,
				27BF2A991EFA5A32006F976D /* Supporting Files */,
			);
			path = CubeDemo;
			sourceTree = "<group>";
		};
		27BF2A991EFA5A32006F976D /* Supporting Files */ = {
			isa = PBXGroup;
			children = (
				27BF2A9A1EFA5A33006F976D /* main.m */,
			);
			name = "Supporting Files";
			sourceTree = "<group>";
		};
/* End PBXGroup section */

/* Begin PBXNativeTarget section */
		27BF2A951EFA5A32006F976D /* CubeDemo */ = {
			isa = PBXNativeTarget;
			buildConfigurationList = 27BF2AAD1EFA5A33006F976D /* Build configuration list for PBXNativeTarget "CubeDemo" */;
			buildPhases = (
				27BF2A921EFA5A32006F976D /* Sources */,
				27BF2A931EFA5A32006F976D /* Frameworks */,
				27BF2A941EFA5A32006F976D /* Resources */,
			);
			buildRules = (
			);
			dependencies = (
			);
			name = CubeDemo;
			productName = CubeDemo;
			productReference = 27BF2A961EFA5A32006F976D /* CubeDemo.app */;
			productType = "com.apple.product-type.application";
		};
/* End PBXNativeTarget section */

/* Begin PBXProject section */
		27BF2A8E1EFA5A32006F976D /* Project object */ = {
			isa = PBXProject;
			attributes = {
				LastUpgradeCheck = 0830;
				ORGANIZATIONNAME = Mike;
				TargetAttributes = {
					27BF2A951EFA5A32006F976D = {
						CreatedOnToolsVersion = 8.3.3;
						DevelopmentTeam = D4GYVMGG46;
						ProvisioningStyle = Automatic;
					};
				};
			};
			buildConfigurationList = 27BF2A911EFA5A32006F976D /* Build configuration list for PBXProject "CubeDemo" */;
			compatibilityVersion = "Xcode 3.2";
			developmentRegion = English;
			hasScannedForEncodings = 0;
			knownRegions = (
				en,
				Base,
			);
			mainGroup = 27BF2A8D1EFA5A32006F976D;
			productRefGroup = 27BF2A971EFA5A32006F976D /* Products */;
			projectDirPath = "";
			projectRoot = "";
			targets = (
				27BF2A951EFA5A32006F976D /* CubeDemo */,
			);
		};
/* End PBXProject section */

/* Begin PBXResourcesBuildPhase section */
		27BF2A941EFA5A32006F976D /* Resources */ = {
			isa = PBXResourcesBuildPhase;
			buildActionMask = 2147483647;
			files = (
				27BF2AA91EFA5A33006F976D /* LaunchScreen.storyboard in Resources */,
				27BF2AA61EFA5A33006F976D /* Assets.xcassets in Resources */,
				27BF2AA41EFA5A33006F976D /* Main.storyboard in Resources */,
			);
			runOnlyForDeploymentPostprocessing = 0;
		};
/* End PBXResourcesBuildPhase section */

/* Begin PBXSourcesBuildPhase section */
		27BF2A921EFA5A32006F976D /* Sources */ = {
			isa = PBXSourcesBuildPhase;
			buildActionMask = 2147483647;
			files = (
				27BF2AA11EFA5A33006F976D /* ViewController.m in Sources */,
				27BF2A9E1EFA5A33006F976D /* AppDelegate.m in Sources */,
				27BF2A9B1EFA5A33006F976D /* main.m in Sources */,
			);
			runOnlyForDeploymentPostprocessing = 0;
		};
/* End PBXSourcesBuildPhase section */

/* Begin PBXVariantGroup section */
		27BF2AA21EFA5A33006F976D /* Main.storyboard */ = {
			isa = PBXVariantGroup;
			children = (
				27BF2AA31EFA5A33006F976D /* Base */,
			);
			name = Main.storyboard;
			sourceTree = "<group>";
		};
		27BF2AA71EFA5A33006F976D /* LaunchScreen.storyboard */ = {
			isa = PBXVariantGroup;
			children = (
				27BF2AA81EFA5A33006F976D /* Base */,
			);
			name = LaunchScreen.storyboard;
			sourceTree = "<group>";
		};
/* End PBXVariantGroup section */

/* Begin XCBuildConfiguration section */
		27BF2AAB1EFA5A33006F976D /* Debug */ = {
			isa = XCBuildConfiguration;
			buildSettings = {
				ALWAYS_SEARCH_USER_PATHS = NO;
				CLANG_ANALYZER_NONNULL = YES;
				CLANG_ANALYZER_NUMBER_OBJECT_CONVERSION = YES_AGGRESSIVE;
				CLANG_CXX_LANGUAGE_STANDARD = "gnu++0x";
				CLANG_CXX_LIBRARY = "libc++";
				CLANG_ENABLE_MODULES = YES;
				CLANG_ENABLE_OBJC_ARC = YES;
				CLANG_WARN_BOOL_CONVERSION = YES;
				CLANG_WARN_CONSTANT_CONVERSION = YES;
				CLANG_WARN_DIRECT_OBJC_ISA_USAGE = YES_ERROR;
				CLANG_WARN_DOCUMENTATION_COMMENTS = YES;
				CLANG_WARN_EMPTY_BODY = YES;
				CLANG_WARN_ENUM_CONVERSION = YES;
				CLANG_WARN_INFINITE_RECURSION = YES;
				CLANG_WARN_INT_CONVERSION = YES;
				CLANG_WARN_OBJC_ROOT_CLASS = YES_ERROR;
				CLANG_WARN_SUSPICIOUS_MOVE = YES;
				CLANG_WARN_UNREACHABLE_CODE = YES;
				CLANG_WARN__DUPLICATE_METHOD_MATCH = YES;
				"CODE_SIGN_IDENTITY[sdk=iphoneos*]" = "iPhone Developer";
				COPY_PHASE_STRIP = NO;
				DEBUG_INFORMATION_FORMAT = dwarf;
				ENABLE_STRICT_OBJC_MSGSEND = YES;
				ENABLE_TESTABILITY = YES;
				GCC_C_LANGUAGE_STANDARD = gnu99;
				GCC_DYNAMIC_NO_PIC = NO;
				GCC_NO_COMMON_BLOCKS = YES;
				GCC_OPTIMIZATION_LEVEL = 0;
				GCC_PREPROCESSOR_DEFINITIONS = (
					"DEBUG=1",
					"$(inherited)",
				);
				GCC_WARN_64_TO_32_BIT_CONVERSION = YES;
				GCC_WARN_ABOUT_RETURN_TYPE = YES_ERROR;
				GCC_WARN_UNDECLARED_SELECTOR = YES;
				GCC_WARN_UNINITIALIZED_AUTOS = YES_AGGRESSIVE;
				GCC_WARN_UNUSED_FUNCTION = YES;
				GCC_WARN_UNUSED_VARIABLE = YES;
				IPHONEOS_DEPLOYMENT_TARGET = 10.3;
				MTL_ENABLE_DEBUG_INFO = YES;
				ONLY_ACTIVE_ARCH = YES;
				SDKROOT = iphoneos;
			};
			name = Debug;
		};
		27BF2AAC1EFA5A33006F976D /* Release */ = {
			isa = XCBuildConfiguration;
			buildSettings = {
				ALWAYS_SEARCH_USER_PATHS = NO;
				CLANG_ANALYZER_NONNULL = YES;
				CLANG_ANALYZER_NUMBER_OBJECT_CONVERSION = YES_AGGRESSIVE;
				CLANG_CXX_LANGUAGE_STANDARD = "gnu++0x";
				CLANG_CXX_LIBRARY = "libc++";
				CLANG_ENABLE_MODULES = YES;
				CLANG_ENABLE_OBJC_ARC = YES;
				CLANG_WARN_BOOL_CONVERSION = YES;
				CLANG_WARN_CONSTANT_CONVERSION = YES;
				CLANG_WARN_DIRECT_OBJC_ISA_USAGE = YES_ERROR;
				CLANG_WARN_DOCUMENTATION_COMMENTS = YES;
				CLANG_WARN_EMPTY_BODY = YES;
				CLANG_WARN_ENUM_CONVERSION = YES;
				CLANG_WARN_INFINITE_RECURSION = YES;
				CLANG_WARN_INT_CONVERSION = YES;
				CLANG_WARN_OBJC_ROOT_CLASS = YES_ERROR;
				CLANG_WARN_SUSPICIOUS_MOVE = YES;
				CLANG_WARN_UNREACHABLE_CODE = YES;
				CLANG_WARN__DUPLICATE_METHOD_MATCH = YES;
				"CODE_SIGN_IDENTITY[sdk=iphoneos*]" = "iPhone Developer";
				COPY_PHASE_STRIP = NO;
				DEBUG_INFORMATION_FORMAT = "dwarf-with-dsym";
				ENABLE_NS_ASSERTIONS = NO;
				ENABLE_STRICT_OBJC_MSGSEND = YES;
				GCC_C_LANGUAGE_STANDARD = gnu99;
				GCC_NO_COMMON_BLOCKS = YES;
				GCC_WARN_64_TO_32_BIT_CONVERSION = YES;
				GCC_WARN_ABOUT_RETURN_TYPE = YES_ERROR;
				GCC_WARN_UNDECLARED_SELECTOR = YES;
				GCC_WARN_UNINITIALIZED_AUTOS = YES_AGGRESSIVE;
				GCC_WARN_UNUSED_FUNCTION = YES;
				GCC_WARN_UNUSED_VARIABLE = YES;
				IPHONEOS_DEPLOYMENT_TARGET = 10.3;
				MTL_ENABLE_DEBUG_INFO = NO;
				SDKROOT = iphoneos;
				VALIDATE_PRODUCT = YES;
			};
			name = Release;
		};
		27BF2AAE1EFA5A33006F976D /* Debug */ = {
			isa = XCBuildConfiguration;
			buildSettings = {
				ASSETCATALOG_COMPILER_APPICON_NAME = AppIcon;
				DEVELOPMENT_TEAM = D4GYVMGG46;
				INFOPLIST_FILE = CubeDemo/Info.plist;
				LD_RUNPATH_SEARCH_PATHS = "$(inherited) @executable_path/Frameworks";
				PRODUCT_BUNDLE_IDENTIFIER = com.chb.CubeDemo;
				PRODUCT_NAME = "$(TARGET_NAME)";
			};
			name = Debug;
		};
		27BF2AAF1EFA5A33006F976D /* Release */ = {
			isa = XCBuildConfiguration;
			buildSettings = {
				ASSETCATALOG_COMPILER_APPICON_NAME = AppIcon;
				DEVELOPMENT_TEAM = D4GYVMGG46;
				INFOPLIST_FILE = CubeDemo/Info.plist;
				LD_RUNPATH_SEARCH_PATHS = "$(inherited) @executable_path/Frameworks";
				PRODUCT_BUNDLE_IDENTIFIER = com.chb.CubeDemo;
				PRODUCT_NAME = "$(TARGET_NAME)";
			};
			name = Release;
		};
/* End XCBuildConfiguration section */

/* Begin XCConfigurationList section */
		27BF2A911EFA5A32006F976D /* Build configuration list for PBXProject "CubeDemo" */ = {
			isa = XCConfigurationList;
			buildConfigurations = (
				27BF2AAB1EFA5A33006F976D /* Debug */,
				27BF2AAC1EFA5A33006F976D /* Release */,
			);
			defaultConfigurationIsVisible = 0;
			defaultConfigurationName = Release;
		};
		27BF2AAD1EFA5A33006F976D /* Build configuration list for PBXNativeTarget "CubeDemo" */ = {
			isa = XCConfigurationList;
			buildConfigurations = (
				27BF2AAE1EFA5A33006F976D /* Debug */,
				27BF2AAF1EFA5A33006F976D /* Release */,
			);
			defaultConfigurationIsVisible = 0;
		};
/* End XCConfigurationList section */
	};
	rootObject = 27BF2A8E1EFA5A32006F976D /* Project object */;
}
